
Microsoft Visual Studio Solution File, Format Version 12.00
# Visual Studio Version 17
VisualStudioVersion = 17.8.34525.116
MinimumVisualStudioVersion = 10.0.40219.1
Project("{FAE04EC0-301F-11D3-BF4B-00C04F79EFBC}") = "MoneyManager4oodo", "MoneyManager4oodo.csproj", "{08A76741-009D-4F84-AC8D-C909A0143636}"
EndProject
Global
	GlobalSection(SolutionConfigurationPlatforms) = preSolution
		Debug|Any CPU = Debug|Any CPU
		Release|Any CPU = Release|Any CPU
	EndGlobalSection
	GlobalSection(ProjectConfigurationPlatforms) = postSolution
		{08A76741-009D-4F84-AC8D-C909A0143636}.Debug|Any CPU.ActiveCfg = Debug|Any CPU
		{08A76741-009D-4F84-AC8D-C909A0143636}.Debug|Any CPU.Build.0 = Debug|Any CPU
		{08A76741-009D-4F84-AC8D-C909A0143636}.Release|Any CPU.ActiveCfg = Release|Any CPU
		{08A76741-009D-4F84-AC8D-C909A0143636}.Release|Any CPU.Build.0 = Release|Any CPU
	EndGlobalSection
	GlobalSection(SolutionProperties) = preSolution
		HideSolutionNode = FALSE
	EndGlobalSection
	GlobalSection(ExtensibilityGlobals) = postSolution
		SolutionGuid = {77F9BE0C-967F-4011-8959-0D4E16FB9CD4}
	EndGlobalSection
EndGlobal
